
Microsoft Visual Studio Solution File, Format Version 12.00
# Visual Studio 15
VisualStudioVersion = 15.0.28307.1340
MinimumVisualStudioVersion = 10.0.40219.1
Project("{9A19103F-16F7-4668-BE54-9A1E7A4F7556}") = "Problem_25", "Problem_25\Problem_25.csproj", "{3B286518-06C5-4188-9B39-DC6B4B42760B}"
EndProject
Global
	GlobalSection(SolutionConfigurationPlatforms) = preSolution
		Debug|Any CPU = Debug|Any CPU
		Release|Any CPU = Release|Any CPU
	EndGlobalSection
	GlobalSection(ProjectConfigurationPlatforms) = postSolution
		{3B286518-06C5-4188-9B39-DC6B4B42760B}.Debug|Any CPU.ActiveCfg = Debug|Any CPU
		{3B286518-06C5-4188-9B39-DC6B4B42760B}.Debug|Any CPU.Build.0 = Debug|Any CPU
		{3B286518-06C5-4188-9B39-DC6B4B42760B}.Release|Any CPU.ActiveCfg = Release|Any CPU
		{3B286518-06C5-4188-9B39-DC6B4B42760B}.Release|Any CPU.Build.0 = Release|Any CPU
	EndGlobalSection
	GlobalSection(SolutionProperties) = preSolution
		HideSolutionNode = FALSE
	EndGlobalSection
	GlobalSection(ExtensibilityGlobals) = postSolution
		SolutionGuid = {FE249EF9-BB97-42BC-9DE8-6592322B2200}
	EndGlobalSection
EndGlobal
