
Microsoft Visual Studio Solution File, Format Version 12.00
# Visual Studio Version 16
VisualStudioVersion = 16.0.31019.35
MinimumVisualStudioVersion = 10.0.40219.1
Project("{8BC9CEB8-8B4A-11D0-8D11-00A0C91BC942}") = "Problem_668", "Problem_668\Problem_668.vcxproj", "{52B9E44D-2F83-4BD2-AA40-6587DA5ABA1D}"
EndProject
Project("{8BC9CEB8-8B4A-11D0-8D11-00A0C91BC942}") = "libprimesieve", "..\lib\primesieve\libprimesieve.vcxproj", "{DF10CDCC-144E-39E7-BAFC-C6F5820B8039}"
EndProject
Global
	GlobalSection(SolutionConfigurationPlatforms) = preSolution
		Debug|x64 = Debug|x64
		MinSizeRel|x64 = MinSizeRel|x64
		Release|x64 = Release|x64
		RelWithDebInfo|x64 = RelWithDebInfo|x64
	EndGlobalSection
	GlobalSection(ProjectConfigurationPlatforms) = postSolution
		{52B9E44D-2F83-4BD2-AA40-6587DA5ABA1D}.Debug|x64.ActiveCfg = Debug|x64
		{52B9E44D-2F83-4BD2-AA40-6587DA5ABA1D}.Debug|x64.Build.0 = Debug|x64
		{52B9E44D-2F83-4BD2-AA40-6587DA5ABA1D}.MinSizeRel|x64.ActiveCfg = Release|x64
		{52B9E44D-2F83-4BD2-AA40-6587DA5ABA1D}.MinSizeRel|x64.Build.0 = Release|x64
		{52B9E44D-2F83-4BD2-AA40-6587DA5ABA1D}.Release|x64.ActiveCfg = Release|x64
		{52B9E44D-2F83-4BD2-AA40-6587DA5ABA1D}.Release|x64.Build.0 = Release|x64
		{52B9E44D-2F83-4BD2-AA40-6587DA5ABA1D}.RelWithDebInfo|x64.ActiveCfg = Release|x64
		{52B9E44D-2F83-4BD2-AA40-6587DA5ABA1D}.RelWithDebInfo|x64.Build.0 = Release|x64
		{DF10CDCC-144E-39E7-BAFC-C6F5820B8039}.Debug|x64.ActiveCfg = Debug|x64
		{DF10CDCC-144E-39E7-BAFC-C6F5820B8039}.Debug|x64.Build.0 = Debug|x64
		{DF10CDCC-144E-39E7-BAFC-C6F5820B8039}.MinSizeRel|x64.ActiveCfg = MinSizeRel|x64
		{DF10CDCC-144E-39E7-BAFC-C6F5820B8039}.MinSizeRel|x64.Build.0 = MinSizeRel|x64
		{DF10CDCC-144E-39E7-BAFC-C6F5820B8039}.Release|x64.ActiveCfg = Release|x64
		{DF10CDCC-144E-39E7-BAFC-C6F5820B8039}.Release|x64.Build.0 = Release|x64
		{DF10CDCC-144E-39E7-BAFC-C6F5820B8039}.RelWithDebInfo|x64.ActiveCfg = RelWithDebInfo|x64
		{DF10CDCC-144E-39E7-BAFC-C6F5820B8039}.RelWithDebInfo|x64.Build.0 = RelWithDebInfo|x64
	EndGlobalSection
	GlobalSection(SolutionProperties) = preSolution
		HideSolutionNode = FALSE
	EndGlobalSection
	GlobalSection(ExtensibilityGlobals) = postSolution
		SolutionGuid = {9E7D5FF2-2DD5-4CD5-A110-46D28C19D03D}
	EndGlobalSection
EndGlobal
